
Microsoft Visual Studio Solution File, Format Version 12.00
# Visual Studio Version 17
VisualStudioVersion = 17.9.34728.123
MinimumVisualStudioVersion = 10.0.40219.1
Project("{9A19103F-16F7-4668-BE54-9A1E7A4F7556}") = "SDL2Engine", "SDL2Engine\SDL2Engine.csproj", "{81B752B7-9760-4380-B4EB-A4577F5128BF}"
EndProject
Project("{9A19103F-16F7-4668-BE54-9A1E7A4F7556}") = "Pong", "Pong\Pong.csproj", "{A9966678-EC1A-4081-9190-F000189415E7}"
EndProject
Project("{9A19103F-16F7-4668-BE54-9A1E7A4F7556}") = "ShootEmUp", "ShootEmUp\ShootEmUp.csproj", "{E2313F72-1066-4670-8243-7D207269D376}"
EndProject
Project("{FAE04EC0-301F-11D3-BF4B-00C04F79EFBC}") = "TileBasedGame", "TileBasedGame\TileBasedGame.csproj", "{6817EF99-12B9-4491-AF72-BEC2EF65B349}"
EndProject
Global
	GlobalSection(SolutionConfigurationPlatforms) = preSolution
		Debug|Any CPU = Debug|Any CPU
		Release|Any CPU = Release|Any CPU
	EndGlobalSection
	GlobalSection(ProjectConfigurationPlatforms) = postSolution
		{81B752B7-9760-4380-B4EB-A4577F5128BF}.Debug|Any CPU.ActiveCfg = Debug|Any CPU
		{81B752B7-9760-4380-B4EB-A4577F5128BF}.Debug|Any CPU.Build.0 = Debug|Any CPU
		{81B752B7-9760-4380-B4EB-A4577F5128BF}.Release|Any CPU.ActiveCfg = Release|Any CPU
		{81B752B7-9760-4380-B4EB-A4577F5128BF}.Release|Any CPU.Build.0 = Release|Any CPU
		{A9966678-EC1A-4081-9190-F000189415E7}.Debug|Any CPU.ActiveCfg = Debug|Any CPU
		{A9966678-EC1A-4081-9190-F000189415E7}.Debug|Any CPU.Build.0 = Debug|Any CPU
		{A9966678-EC1A-4081-9190-F000189415E7}.Release|Any CPU.ActiveCfg = Release|Any CPU
		{A9966678-EC1A-4081-9190-F000189415E7}.Release|Any CPU.Build.0 = Release|Any CPU
		{E2313F72-1066-4670-8243-7D207269D376}.Debug|Any CPU.ActiveCfg = Debug|Any CPU
		{E2313F72-1066-4670-8243-7D207269D376}.Debug|Any CPU.Build.0 = Debug|Any CPU
		{E2313F72-1066-4670-8243-7D207269D376}.Release|Any CPU.ActiveCfg = Release|Any CPU
		{E2313F72-1066-4670-8243-7D207269D376}.Release|Any CPU.Build.0 = Release|Any CPU
		{6817EF99-12B9-4491-AF72-BEC2EF65B349}.Debug|Any CPU.ActiveCfg = Debug|Any CPU
		{6817EF99-12B9-4491-AF72-BEC2EF65B349}.Debug|Any CPU.Build.0 = Debug|Any CPU
		{6817EF99-12B9-4491-AF72-BEC2EF65B349}.Release|Any CPU.ActiveCfg = Release|Any CPU
		{6817EF99-12B9-4491-AF72-BEC2EF65B349}.Release|Any CPU.Build.0 = Release|Any CPU
	EndGlobalSection
	GlobalSection(SolutionProperties) = preSolution
		HideSolutionNode = FALSE
	EndGlobalSection
	GlobalSection(ExtensibilityGlobals) = postSolution
		SolutionGuid = {4FAABB1F-7BE6-49A2-B287-6CB8B13505CC}
	EndGlobalSection
EndGlobal
